
Microsoft Visual Studio Solution File, Format Version 12.00
# Visual Studio 15
VisualStudioVersion = 15.0.26730.12
MinimumVisualStudioVersion = 10.0.40219.1
Project("{FAE04EC0-301F-11D3-BF4B-00C04F79EFBC}") = "Lab1", "Lab1\Lab1.csproj", "{C99098BF-021C-40AF-9CEC-9ACC3361234A}"
EndProject
Global
	GlobalSection(SolutionConfigurationPlatforms) = preSolution
		Debug|Any CPU = Debug|Any CPU
		Release|Any CPU = Release|Any CPU
	EndGlobalSection
	GlobalSection(ProjectConfigurationPlatforms) = postSolution
		{C99098BF-021C-40AF-9CEC-9ACC3361234A}.Debug|Any CPU.ActiveCfg = Debug|Any CPU
		{C99098BF-021C-40AF-9CEC-9ACC3361234A}.Debug|Any CPU.Build.0 = Debug|Any CPU
		{C99098BF-021C-40AF-9CEC-9ACC3361234A}.Release|Any CPU.ActiveCfg = Release|Any CPU
		{C99098BF-021C-40AF-9CEC-9ACC3361234A}.Release|Any CPU.Build.0 = Release|Any CPU
	EndGlobalSection
	GlobalSection(SolutionProperties) = preSolution
		HideSolutionNode = FALSE
	EndGlobalSection
	GlobalSection(ExtensibilityGlobals) = postSolution
		SolutionGuid = {32B56E7C-68C3-4528-B822-2F53ABA70C6F}
	EndGlobalSection
EndGlobal
